{
  "nodes": {
    "betterAuth": {
      "flake": false,
      "locked": {
        "lastModified": 1776528131,
        "narHash": "sha256-jWQ6YBBY8qmOTvl9ZKfRiJEWBW26b06nLeKzVuw750c=",
        "owner": "better-auth-rs",
        "repo": "better-auth-rs",
        "rev": "ec6c94514ad0c5a3ce4ba250cff5910d992bfc24",
        "type": "github"
      },
      "original": {
        "owner": "better-auth-rs",
        "repo": "better-auth-rs",
        "type": "github"
      }
    },
    "crane": {
      "locked": {
        "lastModified": 1774313767,
        "narHash": "sha256-hy0XTQND6avzGEUFrJtYBBpFa/POiiaGBr2vpU6Y9tY=",
        "owner": "ipetkov",
        "repo": "crane",
        "rev": "3d9df76e29656c679c744968b17fbaf28f0e923d",
        "type": "github"
      },
      "original": {
        "owner": "ipetkov",
        "repo": "crane",
        "type": "github"
      }
    },
    "crudcrate": {
      "flake": false,
      "locked": {
        "lastModified": 1776420299,
        "narHash": "sha256-vD5ZFdIhY+k+CGjcR2fl9OuGxRhzVac285xnJmj9iMM=",
        "owner": "evanjt",
        "repo": "crudcrate",
        "rev": "e2cbd8d83477352040d726e27857b372cb76d739",
        "type": "github"
      },
      "original": {
        "owner": "evanjt",
        "repo": "crudcrate",
        "type": "github"
      }
    },
    "flake-parts": {
      "inputs": {
        "nixpkgs-lib": "nixpkgs-lib"
      },
      "locked": {
        "lastModified": 1772408722,
        "narHash": "sha256-rHuJtdcOjK7rAHpHphUb1iCvgkU3GpfvicLMwwnfMT0=",
        "owner": "hercules-ci",
        "repo": "flake-parts",
        "rev": "f20dc5d9b8027381c474144ecabc9034d6a839a3",
        "type": "github"
      },
      "original": {
        "owner": "hercules-ci",
        "repo": "flake-parts",
        "type": "github"
      }
    },
    "nixpkgs": {
      "locked": {
        "lastModified": 1774709303,
        "narHash": "sha256-D3Q07BbIA2KnTcSXIqqu9P586uWxN74zNoCH3h2ESHg=",
        "owner": "NixOS",
        "repo": "nixpkgs",
        "rev": "8110df5ad7abf5d4c0f6fb0f8f978390e77f9685",
        "type": "github"
      },
      "original": {
        "owner": "NixOS",
        "ref": "nixos-unstable",
        "repo": "nixpkgs",
        "type": "github"
      }
    },
    "nixpkgs-lib": {
      "locked": {
        "lastModified": 1772328832,
        "narHash": "sha256-e+/T/pmEkLP6BHhYjx6GmwP5ivonQQn0bJdH9YrRB+Q=",
        "owner": "nix-community",
        "repo": "nixpkgs.lib",
        "rev": "c185c7a5e5dd8f9add5b2f8ebeff00888b070742",
        "type": "github"
      },
      "original": {
        "owner": "nix-community",
        "repo": "nixpkgs.lib",
        "type": "github"
      }
    },
    "root": {
      "inputs": {
        "betterAuth": "betterAuth",
        "crane": "crane",
        "crudcrate": "crudcrate",
        "flake-parts": "flake-parts",
        "nixpkgs": "nixpkgs",
        "rust-overlay": "rust-overlay",
        "seaOrm": "seaOrm",
        "vox": "vox"
      }
    },
    "rust-overlay": {
      "inputs": {
        "nixpkgs": [
          "nixpkgs"
        ]
      },
      "locked": {
        "lastModified": 1774926780,
        "narHash": "sha256-JMdDYn0F+swYBILlpCeHDbCSyzqkeSGNxZ/Q5J584jM=",
        "owner": "oxalica",
        "repo": "rust-overlay",
        "rev": "962a0934d0e32f42d1b5e49186f9595f9b178d2d",
        "type": "github"
      },
      "original": {
        "owner": "oxalica",
        "repo": "rust-overlay",
        "type": "github"
      }
    },
    "seaOrm": {
      "flake": false,
      "locked": {
        "lastModified": 1776341368,
        "narHash": "sha256-/2vDOUreGRREHe943AQgVxMNi1hoABI7v/VJpJtVUzI=",
        "owner": "SeaQL",
        "repo": "sea-orm",
        "rev": "0677ee555a238df4ec2b5992748e2b45348b6027",
        "type": "github"
      },
      "original": {
        "owner": "SeaQL",
        "repo": "sea-orm",
        "type": "github"
      }
    },
    "vox": {
      "flake": false,
      "locked": {
        "lastModified": 1775842313,
        "narHash": "sha256-ySYvYgt5jChRK1d6EDtmzImxpQGaMSIVP6cQxqz7dD4=",
        "owner": "Codys-Wright",
        "repo": "vox",
        "rev": "4103658f29c88ffd913314903f16e327c5248cdb",
        "type": "github"
      },
      "original": {
        "owner": "Codys-Wright",
        "repo": "vox",
        "type": "github"
      }
    }
  },
  "root": "root",
  "version": 7
}
